<?xml version="1.0" encoding="utf-8"?>
<Project ToolsVersion="4.0" xmlns="http://schemas.microsoft.com/developer/msbuild/2003">
  <ItemGroup>
    <Filter Include="소스 파일">
      <UniqueIdentifier>{4FC737F1-C7A5-4376-A066-2A32D752A2FF}</UniqueIdentifier>
      <Extensions>cpp;c;cc;cxx;c++;cppm;ixx;def;odl;idl;hpj;bat;asm;asmx</Extensions>
    </Filter>
    <Filter Include="헤더 파일">
      <UniqueIdentifier>{93995380-89BD-4b04-88EB-625FBE52EBFB}</UniqueIdentifier>
      <Extensions>h;hh;hpp;hxx;h++;hm;inl;inc;ipp;xsd</Extensions>
    </Filter>
    <Filter Include="리소스 파일">
      <UniqueIdentifier>{67DA6AB6-F800-4c08-8B7A-83BB121AAD01}</UniqueIdentifier>
      <Extensions>rc;ico;cur;bmp;dlg;rc2;rct;bin;rgs;gif;jpg;jpeg;jpe;resx;tiff;tif;png;wav;mfcribbon-ms</Extensions>
    </Filter>
    <Filter Include=".claude">
      <UniqueIdentifier>{9c1f8a1a-1b2a-4b3c-8d4e-5f6a7b8c9d00}</UniqueIdentifier>
    </Filter>
    <Filter Include=".claude\agents">
      <UniqueIdentifier>{9c1f8a1a-1b2a-4b3c-8d4e-5f6a7b8c9d0a}</UniqueIdentifier>
    </Filter>
    <Filter Include=".claude\skills">
      <UniqueIdentifier>{9c1f8a1a-1b2a-4b3c-8d4e-5f6a7b8c9d0b}</UniqueIdentifier>
    </Filter>
    <Filter Include=".claude\skills\test-driven-development">
      <UniqueIdentifier>{9c1f8a1a-1b2a-4b3c-8d4e-5f6a7b8c9d0c}</UniqueIdentifier>
    </Filter>
    <Filter Include="docs_implement">
      <UniqueIdentifier>{9c1f8a1a-1b2a-4b3c-8d4e-5f6a7b8c9d01}</UniqueIdentifier>
    </Filter>
    <Filter Include="docs_implement\Overall">
      <UniqueIdentifier>{9c1f8a1a-1b2a-4b3c-8d4e-5f6a7b8c9d02}</UniqueIdentifier>
    </Filter>
    <Filter Include="docs_implement\ConsoleMVC-MINGOO-21015010">
      <UniqueIdentifier>{9c1f8a1a-1b2a-4b3c-8d4e-5f6a7b8c9d03}</UniqueIdentifier>
    </Filter>
    <Filter Include="docs_implement\DataPersistence-MINGOO-21015010">
      <UniqueIdentifier>{9c1f8a1a-1b2a-4b3c-8d4e-5f6a7b8c9d04}</UniqueIdentifier>
    </Filter>
    <Filter Include="docs_implement\DataMonitor-MINGOO-21015010">
      <UniqueIdentifier>{9c1f8a1a-1b2a-4b3c-8d4e-5f6a7b8c9d05}</UniqueIdentifier>
    </Filter>
    <Filter Include="docs_implement\DummyDataGenerator-MINGOO-21015010">
      <UniqueIdentifier>{9c1f8a1a-1b2a-4b3c-8d4e-5f6a7b8c9d06}</UniqueIdentifier>
    </Filter>
    <Filter Include="docs_implement\SampleOrderSystem-MINGOO-21015010">
      <UniqueIdentifier>{9c1f8a1a-1b2a-4b3c-8d4e-5f6a7b8c9d07}</UniqueIdentifier>
    </Filter>
    <Filter Include="test">
      <UniqueIdentifier>{9c1f8a1a-1b2a-4b3c-8d4e-5f6a7b8c9d08}</UniqueIdentifier>
    </Filter>
    <Filter Include="test\mocks">
      <UniqueIdentifier>{9c1f8a1a-1b2a-4b3c-8d4e-5f6a7b8c9d0e}</UniqueIdentifier>
    </Filter>
    <Filter Include="src">
      <UniqueIdentifier>{9c1f8a1a-1b2a-4b3c-8d4e-5f6a7b8c9d09}</UniqueIdentifier>
    </Filter>
    <Filter Include="src\Model">
      <UniqueIdentifier>{9c1f8a1a-1b2a-4b3c-8d4e-5f6a7b8c9d0d}</UniqueIdentifier>
    </Filter>
  </ItemGroup>
  <ItemGroup>
    <ClCompile Include="test\TestMain.cpp">
      <Filter>test</Filter>
    </ClCompile>
    <ClCompile Include="test\SampleTest.cpp">
      <Filter>test</Filter>
    </ClCompile>
    <ClCompile Include="test\OrderTest.cpp">
      <Filter>test</Filter>
    </ClCompile>
    <ClCompile Include="test\SampleSerializationTest.cpp">
      <Filter>test</Filter>
    </ClCompile>
    <ClCompile Include="test\OrderSerializationTest.cpp">
      <Filter>test</Filter>
    </ClCompile>
    <ClCompile Include="test\JsonSampleRepositoryTest.cpp">
      <Filter>test</Filter>
    </ClCompile>
    <ClCompile Include="test\JsonOrderRepositoryTest.cpp">
      <Filter>test</Filter>
    </ClCompile>
    <ClCompile Include="test\SampleServiceTest.cpp">
      <Filter>test</Filter>
    </ClCompile>
    <ClCompile Include="test\ProductionCalculationTest.cpp">
      <Filter>test</Filter>
    </ClCompile>
    <ClCompile Include="test\ProductionLineServiceTest.cpp">
      <Filter>test</Filter>
    </ClCompile>
    <ClCompile Include="test\StockStatusClassificationTest.cpp">
      <Filter>test</Filter>
    </ClCompile>
    <ClCompile Include="test\MonitoringServiceTest.cpp">
      <Filter>test</Filter>
    </ClCompile>
    <ClCompile Include="test\ConsoleFormatTest.cpp">
      <Filter>test</Filter>
    </ClCompile>
    <ClCompile Include="test\ReleaseServiceTest.cpp">
      <Filter>test</Filter>
    </ClCompile>
    <ClCompile Include="src\Model\Sample.cpp">
      <Filter>src\Model</Filter>
    </ClCompile>
    <ClCompile Include="src\Model\Order.cpp">
      <Filter>src\Model</Filter>
    </ClCompile>
    <ClCompile Include="src\main.cpp">
      <Filter>src</Filter>
    </ClCompile>
  </ItemGroup>
  <ItemGroup>
    <ClInclude Include="src\Model\OrderStatus.h">
      <Filter>src\Model</Filter>
    </ClInclude>
    <ClInclude Include="src\Model\Sample.h">
      <Filter>src\Model</Filter>
    </ClInclude>
    <ClInclude Include="src\Model\Order.h">
      <Filter>src\Model</Filter>
    </ClInclude>
    <ClInclude Include="test\mocks\MockSampleRepository.h">
      <Filter>test\mocks</Filter>
    </ClInclude>
  </ItemGroup>
  <ItemGroup>
    <None Include="packages.config" />
    <None Include="CLAUDE.md" />
    <None Include="PRD.md" />
    <None Include="README.md" />
    <None Include=".claude\agents\orchestrator.md">
      <Filter>.claude\agents</Filter>
    </None>
    <None Include=".claude\agents\domain-modeler.md">
      <Filter>.claude\agents</Filter>
    </None>
    <None Include=".claude\agents\persistence-engineer.md">
      <Filter>.claude\agents</Filter>
    </None>
    <None Include=".claude\agents\tdd-test-engineer.md">
      <Filter>.claude\agents</Filter>
    </None>
    <None Include=".claude\agents\clean-code-reviewer.md">
      <Filter>.claude\agents</Filter>
    </None>
    <None Include=".claude\skills\test-driven-development\SKILL.md">
      <Filter>.claude\skills\test-driven-development</Filter>
    </None>
    <None Include="docs_implement\Overall\PLAN.md">
      <Filter>docs_implement\Overall</Filter>
    </None>
    <None Include="docs_implement\ConsoleMVC-MINGOO-21015010\PLAN.md">
      <Filter>docs_implement\ConsoleMVC-MINGOO-21015010</Filter>
    </None>
    <None Include="docs_implement\DataPersistence-MINGOO-21015010\PLAN.md">
      <Filter>docs_implement\DataPersistence-MINGOO-21015010</Filter>
    </None>
    <None Include="docs_implement\DataMonitor-MINGOO-21015010\PLAN.md">
      <Filter>docs_implement\DataMonitor-MINGOO-21015010</Filter>
    </None>
    <None Include="docs_implement\DummyDataGenerator-MINGOO-21015010\PLAN.md">
      <Filter>docs_implement\DummyDataGenerator-MINGOO-21015010</Filter>
    </None>
    <None Include="docs_implement\SampleOrderSystem-MINGOO-21015010\PLAN.md">
      <Filter>docs_implement\SampleOrderSystem-MINGOO-21015010</Filter>
    </None>
  </ItemGroup>
</Project>